PODS:
  - React/BatchedBridge (0.46.4):
    - React/Core
    - React/cxxreact_legacy
  - React/Core (0.46.4):
    - Yoga (= 0.46.4.React)
  - React/cxxreact_legacy (0.46.4):
    - React/jschelpers_legacy
  - React/DevSupport (0.46.4):
    - React/Core
    - React/RCTWebSocket
  - React/jschelpers_legacy (0.46.4)
  - React/RCTNetwork (0.46.4):
    - React/Core
  - React/RCTText (0.46.4):
    - React/Core
  - React/RCTWebSocket (0.46.4):
    - React/Core
  - Yoga (0.46.4.React)

DEPENDENCIES:
  - React/BatchedBridge (from `../node_modules/react-native`)
  - React/Core (from `../node_modules/react-native`)
  - React/DevSupport (from `../node_modules/react-native`)
  - React/RCTNetwork (from `../node_modules/react-native`)
  - React/RCTText (from `../node_modules/react-native`)
  - React/RCTWebSocket (from `../node_modules/react-native`)
  - Yoga (from `../node_modules/react-native/ReactCommon/yoga`)

EXTERNAL SOURCES:
  React:
    :path: "../node_modules/react-native"
  Yoga:
    :path: "../node_modules/react-native/ReactCommon/yoga"

SPEC CHECKSUMS:
  React: 596d8774642d10fea20b1f24cc591fcf633f73ad
  Yoga: 98e24da91afe33bb43fedaf27dafede269c04fe8

PODFILE CHECKSUM: 4ff86bb88689d2e456607342d17f099e0992132b

COCOAPODS: 1.2.0
